PODS:
  - Flutter (1.0.0)
  - integration_test (0.0.1):
    - Flutter
  - quick_blue (0.0.1):
    - Flutter

DEPENDENCIES:
  - Flutter (from `Flutter`)
  - integration_test (from `.symlinks/plugins/integration_test/ios`)
  - quick_blue (from `.symlinks/plugins/quick_blue/ios`)

EXTERNAL SOURCES:
  Flutter:
    :path: Flutter
  integration_test:
    :path: ".symlinks/plugins/integration_test/ios"
  quick_blue:
    :path: ".symlinks/plugins/quick_blue/ios"

SPEC CHECKSUMS:
  Flutter: f04841e97a9d0b0a8025694d0796dd46242b2854
  integration_test: 13825b8a9334a850581300559b8839134b124670
  quick_blue: 3786c0eccb373bf9799ec1b42f495f77199a4e7e

PODFILE CHECKSUM: 70d9d25280d0dd177a5f637cdb0f0b0b12c6a189

COCOAPODS: 1.12.1
