PODS:
  - Flutter (1.0.0)
  - quick_blue (0.0.1):
    - Flutter

DEPENDENCIES:
  - Flutter (from `Flutter`)
  - quick_blue (from `.symlinks/plugins/quick_blue/ios`)

EXTERNAL SOURCES:
  Flutter:
    :path: Flutter
  quick_blue:
    :path: ".symlinks/plugins/quick_blue/ios"

SPEC CHECKSUMS:
  Flutter: 0e3d915762c693b495b44d77113d4970485de6ec
  quick_blue: eb867466e49ccbb5ce06752b999c35d4abb6b3e4

PODFILE CHECKSUM: aafe91acc616949ddb318b77800a7f51bffa2a4c

COCOAPODS: 1.9.2
