PODS:
  - FlutterMacOS (1.0.0)
  - quick_blue (0.0.1)
  - quick_blue_macos (0.0.1):
    - FlutterMacOS

DEPENDENCIES:
  - FlutterMacOS (from `Flutter/ephemeral/.symlinks/flutter/darwin-x64`)
  - quick_blue (from `Flutter/ephemeral/.symlinks/plugins/quick_blue/macos`)
  - quick_blue_macos (from `Flutter/ephemeral/.symlinks/plugins/quick_blue_macos/macos`)

EXTERNAL SOURCES:
  FlutterMacOS:
    :path: Flutter/ephemeral/.symlinks/flutter/darwin-x64
  quick_blue:
    :path: Flutter/ephemeral/.symlinks/plugins/quick_blue/macos
  quick_blue_macos:
    :path: Flutter/ephemeral/.symlinks/plugins/quick_blue_macos/macos

SPEC CHECKSUMS:
  FlutterMacOS: 15bea8a44d2fa024068daa0140371c020b4b6ff9
  quick_blue: 7e9360c118bfb7e32884d8379e7a1d7286dc4207
  quick_blue_macos: 3e5cb68cb8e23487c3c1395e5bf4759c7c39e800

PODFILE CHECKSUM: d8ba9b3e9e93c62c74a660b46c6fcb09f03991a7

COCOAPODS: 1.9.2
